
Microsoft Visual Studio Solution File, Format Version 12.00
# Visual Studio 2013
VisualStudioVersion = 12.0.31101.0
MinimumVisualStudioVersion = 10.0.40219.1
Project("{9092AA53-FB77-4645-B42D-1CCCA6BD08BD}") = "AurandFamily", "AurandFamily\AurandFamily.njsproj", "{D5726183-71C7-410C-AF8D-A3E9B085B0B3}"
EndProject
Global
	GlobalSection(SolutionConfigurationPlatforms) = preSolution
		Debug|Any CPU = Debug|Any CPU
		Release|Any CPU = Release|Any CPU
	EndGlobalSection
	GlobalSection(ProjectConfigurationPlatforms) = postSolution
		{D5726183-71C7-410C-AF8D-A3E9B085B0B3}.Debug|Any CPU.ActiveCfg = Debug|Any CPU
		{D5726183-71C7-410C-AF8D-A3E9B085B0B3}.Debug|Any CPU.Build.0 = Debug|Any CPU
		{D5726183-71C7-410C-AF8D-A3E9B085B0B3}.Release|Any CPU.ActiveCfg = Release|Any CPU
		{D5726183-71C7-410C-AF8D-A3E9B085B0B3}.Release|Any CPU.Build.0 = Release|Any CPU
	EndGlobalSection
	GlobalSection(SolutionProperties) = preSolution
		HideSolutionNode = FALSE
	EndGlobalSection
EndGlobal
